
Microsoft Visual Studio Solution File, Format Version 12.00
# Visual Studio Version 17
VisualStudioVersion = 17.11.35303.130
MinimumVisualStudioVersion = 10.0.40219.1
Project("{9A19103F-16F7-4668-BE54-9A1E7A4F7556}") = "Control_Tower_System_PL", "Control_Tower_System_PL\Control_Tower_System_PL.csproj", "{34D9B2B0-9EFB-4D8D-A2BA-DBDC129E160D}"
EndProject
Project("{9A19103F-16F7-4668-BE54-9A1E7A4F7556}") = "Control_Tower_System_BLL", "Control_Tower_System_BLL\Control_Tower_System_BLL.csproj", "{3DE66EF4-2836-4030-A04F-D53875DAADC4}"
EndProject
Project("{9A19103F-16F7-4668-BE54-9A1E7A4F7556}") = "Control_Tower_System_DTO", "Control_Tower_System_DTO\Control_Tower_System_DTO.csproj", "{B4605281-F904-40E0-A0A9-864756E1D36C}"
EndProject
Project("{9A19103F-16F7-4668-BE54-9A1E7A4F7556}") = "Control_Tower_System_DAL", "Control_Tower_System_DAL\Control_Tower_System_DAL.csproj", "{EBE1ADDD-F0CC-41AD-BDD9-0886B6D245BC}"
EndProject
Project("{9A19103F-16F7-4668-BE54-9A1E7A4F7556}") = "Control_Tower_System_BLL_Tests", "Control_Tower_System_BLL_Tests\Control_Tower_System_BLL_Tests.csproj", "{2C616AD4-3EC8-4D16-9EE9-A76A433E57CB}"
EndProject
Global
	GlobalSection(SolutionConfigurationPlatforms) = preSolution
		Debug|Any CPU = Debug|Any CPU
		Release|Any CPU = Release|Any CPU
	EndGlobalSection
	GlobalSection(ProjectConfigurationPlatforms) = postSolution
		{34D9B2B0-9EFB-4D8D-A2BA-DBDC129E160D}.Debug|Any CPU.ActiveCfg = Debug|Any CPU
		{34D9B2B0-9EFB-4D8D-A2BA-DBDC129E160D}.Debug|Any CPU.Build.0 = Debug|Any CPU
		{34D9B2B0-9EFB-4D8D-A2BA-DBDC129E160D}.Release|Any CPU.ActiveCfg = Release|Any CPU
		{34D9B2B0-9EFB-4D8D-A2BA-DBDC129E160D}.Release|Any CPU.Build.0 = Release|Any CPU
		{3DE66EF4-2836-4030-A04F-D53875DAADC4}.Debug|Any CPU.ActiveCfg = Debug|Any CPU
		{3DE66EF4-2836-4030-A04F-D53875DAADC4}.Debug|Any CPU.Build.0 = Debug|Any CPU
		{3DE66EF4-2836-4030-A04F-D53875DAADC4}.Release|Any CPU.ActiveCfg = Release|Any CPU
		{3DE66EF4-2836-4030-A04F-D53875DAADC4}.Release|Any CPU.Build.0 = Release|Any CPU
		{B4605281-F904-40E0-A0A9-864756E1D36C}.Debug|Any CPU.ActiveCfg = Debug|Any CPU
		{B4605281-F904-40E0-A0A9-864756E1D36C}.Debug|Any CPU.Build.0 = Debug|Any CPU
		{B4605281-F904-40E0-A0A9-864756E1D36C}.Release|Any CPU.ActiveCfg = Release|Any CPU
		{B4605281-F904-40E0-A0A9-864756E1D36C}.Release|Any CPU.Build.0 = Release|Any CPU
		{EBE1ADDD-F0CC-41AD-BDD9-0886B6D245BC}.Debug|Any CPU.ActiveCfg = Debug|Any CPU
		{EBE1ADDD-F0CC-41AD-BDD9-0886B6D245BC}.Debug|Any CPU.Build.0 = Debug|Any CPU
		{EBE1ADDD-F0CC-41AD-BDD9-0886B6D245BC}.Release|Any CPU.ActiveCfg = Release|Any CPU
		{EBE1ADDD-F0CC-41AD-BDD9-0886B6D245BC}.Release|Any CPU.Build.0 = Release|Any CPU
		{2C616AD4-3EC8-4D16-9EE9-A76A433E57CB}.Debug|Any CPU.ActiveCfg = Debug|Any CPU
		{2C616AD4-3EC8-4D16-9EE9-A76A433E57CB}.Debug|Any CPU.Build.0 = Debug|Any CPU
		{2C616AD4-3EC8-4D16-9EE9-A76A433E57CB}.Release|Any CPU.ActiveCfg = Release|Any CPU
		{2C616AD4-3EC8-4D16-9EE9-A76A433E57CB}.Release|Any CPU.Build.0 = Release|Any CPU
	EndGlobalSection
	GlobalSection(SolutionProperties) = preSolution
		HideSolutionNode = FALSE
	EndGlobalSection
	GlobalSection(ExtensibilityGlobals) = postSolution
		SolutionGuid = {2FB4FD41-1FD5-4D6C-9446-00DDA21A1B2F}
	EndGlobalSection
EndGlobal
